
Microsoft Visual Studio Solution File, Format Version 12.00
# Visual Studio Version 16
VisualStudioVersion = 16.0.31829.152
MinimumVisualStudioVersion = 10.0.40219.1
Project("{FAE04EC0-301F-11D3-BF4B-00C04F79EFBC}") = "Day6Program", "Day6Program\Day6Program.csproj", "{368AAABB-65B0-448A-B664-0E46D79FCE1B}"
EndProject
Global
	GlobalSection(SolutionConfigurationPlatforms) = preSolution
		Debug|Any CPU = Debug|Any CPU
		Release|Any CPU = Release|Any CPU
	EndGlobalSection
	GlobalSection(ProjectConfigurationPlatforms) = postSolution
		{368AAABB-65B0-448A-B664-0E46D79FCE1B}.Debug|Any CPU.ActiveCfg = Debug|Any CPU
		{368AAABB-65B0-448A-B664-0E46D79FCE1B}.Debug|Any CPU.Build.0 = Debug|Any CPU
		{368AAABB-65B0-448A-B664-0E46D79FCE1B}.Release|Any CPU.ActiveCfg = Release|Any CPU
		{368AAABB-65B0-448A-B664-0E46D79FCE1B}.Release|Any CPU.Build.0 = Release|Any CPU
	EndGlobalSection
	GlobalSection(SolutionProperties) = preSolution
		HideSolutionNode = FALSE
	EndGlobalSection
	GlobalSection(ExtensibilityGlobals) = postSolution
		SolutionGuid = {F6F9FE0E-E6A9-457A-9A26-9F30C2D277F9}
	EndGlobalSection
EndGlobal
